
Microsoft Visual Studio Solution File, Format Version 12.00
# Visual Studio 2013
VisualStudioVersion = 12.0.21005.1
MinimumVisualStudioVersion = 10.0.40219.1
Project("{FAE04EC0-301F-11D3-BF4B-00C04F79EFBC}") = "UndoRedoSample", "UndoRedoSample\UndoRedoSample.csproj", "{B4290AB4-7C88-4828-990B-17FF42B49A59}"
EndProject
Project("{FAE04EC0-301F-11D3-BF4B-00C04F79EFBC}") = "DejaVu", "DejaVu\DejaVu.csproj", "{F33D6FE4-E1B9-42EE-95C6-34B30E2CFF68}"
EndProject
Project("{FAE04EC0-301F-11D3-BF4B-00C04F79EFBC}") = "DejaVu.Tests", "DejaVu.Tests\DejaVu.Tests.csproj", "{1281BE88-7D93-4493-8839-15E8F630328A}"
EndProject
Global
	GlobalSection(SolutionConfigurationPlatforms) = preSolution
		Debug|Any CPU = Debug|Any CPU
		Release|Any CPU = Release|Any CPU
	EndGlobalSection
	GlobalSection(ProjectConfigurationPlatforms) = postSolution
		{B4290AB4-7C88-4828-990B-17FF42B49A59}.Debug|Any CPU.ActiveCfg = Debug|Any CPU
		{B4290AB4-7C88-4828-990B-17FF42B49A59}.Debug|Any CPU.Build.0 = Debug|Any CPU
		{B4290AB4-7C88-4828-990B-17FF42B49A59}.Release|Any CPU.ActiveCfg = Release|Any CPU
		{B4290AB4-7C88-4828-990B-17FF42B49A59}.Release|Any CPU.Build.0 = Release|Any CPU
		{F33D6FE4-E1B9-42EE-95C6-34B30E2CFF68}.Debug|Any CPU.ActiveCfg = Debug|Any CPU
		{F33D6FE4-E1B9-42EE-95C6-34B30E2CFF68}.Debug|Any CPU.Build.0 = Debug|Any CPU
		{F33D6FE4-E1B9-42EE-95C6-34B30E2CFF68}.Release|Any CPU.ActiveCfg = Release|Any CPU
		{F33D6FE4-E1B9-42EE-95C6-34B30E2CFF68}.Release|Any CPU.Build.0 = Release|Any CPU
		{1281BE88-7D93-4493-8839-15E8F630328A}.Debug|Any CPU.ActiveCfg = Debug|Any CPU
		{1281BE88-7D93-4493-8839-15E8F630328A}.Debug|Any CPU.Build.0 = Debug|Any CPU
		{1281BE88-7D93-4493-8839-15E8F630328A}.Release|Any CPU.ActiveCfg = Release|Any CPU
		{1281BE88-7D93-4493-8839-15E8F630328A}.Release|Any CPU.Build.0 = Release|Any CPU
	EndGlobalSection
	GlobalSection(SolutionProperties) = preSolution
		HideSolutionNode = FALSE
	EndGlobalSection
EndGlobal
